<?xml version="1.0" encoding="UTF-8"?>
<Scheme
   LastUpgradeVersion = "1020"
   version = "1.3">
   <BuildAction
      parallelizeBuildables = "YES"
      buildImplicitDependencies = "YES">
      <BuildActionEntries>
         <BuildActionEntry
            buildForTesting = "YES"
            buildForRunning = "YES"
            buildForProfiling = "YES"
            buildForArchiving = "YES"
            buildForAnalyzing = "YES">
            <BuildableReference
               BuildableIdentifier = "primary"
               BlueprintIdentifier = "0CC7678121F0262300752517"
               BuildableName = "Smart List.app"
               BlueprintName = "Smart List"
               ReferencedContainer = "container:Smart List.xcodeproj">
            </BuildableReference>
         </BuildActionEntry>
      </BuildActionEntries>
   </BuildAction>
   <TestAction
      buildConfiguration = "Debug"
      selectedDebuggerIdentifier = "Xcode.DebuggerFoundation.Debugger.LLDB"
      selectedLauncherIdentifier = "Xcode.DebuggerFoundation.Launcher.LLDB"
      shouldUseLaunchSchemeArgsEnv = "YES">
      <MacroExpansion>
         <BuildableReference
            BuildableIdentifier = "primary"
            BlueprintIdentifier = "0CC7678121F0262300752517"
            BuildableName = "Smart List.app"
            BlueprintName = "Smart List"
            ReferencedContainer = "container:Smart List.xcodeproj">
         </BuildableReference>
      </MacroExpansion>
      <Testables>
         <TestableReference
            skipped = "NO">
            <BuildableReference
               BuildableIdentifier = "primary"
               BlueprintIdentifier = "0CC7679521F0262400752517"
               BuildableName = "Smart ListTests.xctest"
               BlueprintName = "Smart ListTests"
               ReferencedContainer = "container:Smart List.xcodeproj">
            </BuildableReference>
            <SkippedTests>
               <Test
                  Identifier = "ProfileTabTest">
               </Test>
            </SkippedTests>
         </TestableReference>
         <TestableReference
            skipped = "NO">
            <BuildableReference
               BuildableIdentifier = "primary"
               BlueprintIdentifier = "0CC3A7EA235CE16400C44CFC"
               BuildableName = "SmartListUITests.xctest"
               BlueprintName = "SmartListUITests"
               ReferencedContainer = "container:Smart List.xcodeproj">
            </BuildableReference>
         </TestableReference>
         <TestableReference
            skipped = "NO">
            <BuildableReference
               BuildableIdentifier = "primary"
               BlueprintIdentifier = "0C23B56E235CE2AF00B02A82"
               BuildableName = "Smart ListUITests.xctest"
               BlueprintName = "Smart ListUITests"
               ReferencedContainer = "container:Smart List.xcodeproj">
            </BuildableReference>
         </TestableReference>
         <TestableReference
            skipped = "NO">
            <BuildableReference
               BuildableIdentifier = "primary"
               BlueprintIdentifier = "0C23B57C235D038500B02A82"
               BuildableName = "Smart_List_Date_Tests.xctest"
               BlueprintName = "Smart_List_Date_Tests"
               ReferencedContainer = "container:Smart List.xcodeproj">
            </BuildableReference>
         </TestableReference>
         <TestableReference
            skipped = "NO">
            <BuildableReference
               BuildableIdentifier = "primary"
               BlueprintIdentifier = "0C23B58A235D37AB00B02A82"
               BuildableName = "SmartListCoreDataTests.xctest"
               BlueprintName = "SmartListCoreDataTests"
               ReferencedContainer = "container:Smart List.xcodeproj">
            </BuildableReference>
         </TestableReference>
         <TestableReference
            skipped = "NO">
            <BuildableReference
               BuildableIdentifier = "primary"
               BlueprintIdentifier = "0CDB4379237479A5007AD24A"
               BuildableName = "Smart List_Levenshtein_Tests.xctest"
               BlueprintName = "Smart List_Levenshtein_Tests"
               ReferencedContainer = "container:Smart List.xcodeproj">
            </BuildableReference>
         </TestableReference>
         <TestableReference
            skipped = "NO">
            <BuildableReference
               BuildableIdentifier = "primary"
               BlueprintIdentifier = "0CDB438723751AD0007AD24A"
               BuildableName = "Smart List_Regex_Tests.xctest"
               BlueprintName = "Smart List_Regex_Tests"
               ReferencedContainer = "container:Smart List.xcodeproj">
            </BuildableReference>
         </TestableReference>
         <TestableReference
            skipped = "NO">
            <BuildableReference
               BuildableIdentifier = "primary"
               BlueprintIdentifier = "0CDB43952375F593007AD24A"
               BuildableName = "Smart List_Spinner_UITests.xctest"
               BlueprintName = "Smart List_Spinner_UITests"
               ReferencedContainer = "container:Smart List.xcodeproj">
            </BuildableReference>
         </TestableReference>
         <TestableReference
            skipped = "NO">
            <BuildableReference
               BuildableIdentifier = "primary"
               BlueprintIdentifier = "0CDB43A32376096D007AD24A"
               BuildableName = "Smart List_UnitHelper_Tests.xctest"
               BlueprintName = "Smart List_UnitHelper_Tests"
               ReferencedContainer = "container:Smart List.xcodeproj">
            </BuildableReference>
         </TestableReference>
      </Testables>
   </TestAction>
   <LaunchAction
      buildConfiguration = "Debug"
      selectedDebuggerIdentifier = "Xcode.DebuggerFoundation.Debugger.LLDB"
      selectedLauncherIdentifier = "Xcode.DebuggerFoundation.Launcher.LLDB"
      launchStyle = "0"
      useCustomWorkingDirectory = "NO"
      ignoresPersistentStateOnLaunch = "NO"
      debugDocumentVersioning = "YES"
      debugServiceExtension = "internal"
      allowLocationSimulation = "YES">
      <BuildableProductRunnable
         runnableDebuggingMode = "0">
         <BuildableReference
            BuildableIdentifier = "primary"
            BlueprintIdentifier = "0CC7678121F0262300752517"
            BuildableName = "Smart List.app"
            BlueprintName = "Smart List"
            ReferencedContainer = "container:Smart List.xcodeproj">
         </BuildableReference>
      </BuildableProductRunnable>
   </LaunchAction>
   <ProfileAction
      buildConfiguration = "Release"
      shouldUseLaunchSchemeArgsEnv = "YES"
      savedToolIdentifier = ""
      useCustomWorkingDirectory = "NO"
      debugDocumentVersioning = "YES">
      <BuildableProductRunnable
         runnableDebuggingMode = "0">
         <BuildableReference
            BuildableIdentifier = "primary"
            BlueprintIdentifier = "0CC7678121F0262300752517"
            BuildableName = "Smart List.app"
            BlueprintName = "Smart List"
            ReferencedContainer = "container:Smart List.xcodeproj">
         </BuildableReference>
      </BuildableProductRunnable>
   </ProfileAction>
   <AnalyzeAction
      buildConfiguration = "Debug">
   </AnalyzeAction>
   <ArchiveAction
      buildConfiguration = "Release"
      revealArchiveInOrganizer = "YES">
   </ArchiveAction>
</Scheme>
